
Microsoft Visual Studio Solution File, Format Version 12.00
# Visual Studio Version 16
VisualStudioVersion = 16.0.31112.23
MinimumVisualStudioVersion = 10.0.40219.1
Project("{FAE04EC0-301F-11D3-BF4B-00C04F79EFBC}") = "Irimia Mario Costin GR607", "Irimia Mario Costin GR607.csproj", "{2F27EF15-9C61-4DB2-9CD2-F797C3277B4A}"
EndProject
Global
	GlobalSection(SolutionConfigurationPlatforms) = preSolution
		Debug|Any CPU = Debug|Any CPU
		Release|Any CPU = Release|Any CPU
	EndGlobalSection
	GlobalSection(ProjectConfigurationPlatforms) = postSolution
		{2F27EF15-9C61-4DB2-9CD2-F797C3277B4A}.Debug|Any CPU.ActiveCfg = Debug|Any CPU
		{2F27EF15-9C61-4DB2-9CD2-F797C3277B4A}.Debug|Any CPU.Build.0 = Debug|Any CPU
		{2F27EF15-9C61-4DB2-9CD2-F797C3277B4A}.Release|Any CPU.ActiveCfg = Release|Any CPU
		{2F27EF15-9C61-4DB2-9CD2-F797C3277B4A}.Release|Any CPU.Build.0 = Release|Any CPU
	EndGlobalSection
	GlobalSection(SolutionProperties) = preSolution
		HideSolutionNode = FALSE
	EndGlobalSection
	GlobalSection(ExtensibilityGlobals) = postSolution
		SolutionGuid = {6D492B47-D86B-40E3-9A15-F7BBC2210919}
	EndGlobalSection
EndGlobal
